{
  "name": "sassy-design-tokens",
  "version": "0.2.0",
  "lockfileVersion": 1,
  "requires": true,
  "dependencies": {
    "mdn-data": {
      "version": "2.0.26",
      "resolved": "https://registry.npmjs.org/mdn-data/-/mdn-data-2.0.26.tgz",
      "integrity": "sha512-agAtU1PRFd+fbo4Rog2A5DLnxmWvJ5+ZgbTekPj0Fil7mJFalWkg7VRyJW2FpGNc5u7VfiPoQ85u3gzp2p9iFQ==",
      "dev": true
    }
  }
}
